// !$*UTF8*$!
{
	archiveVersion = 1;
	classes = {
	};
	objectVersion = 56;
	objects = {

/* Begin PBXBuildFile section */
		3A001E002C9F2E5600000001 /* BBMSApp.swift in Sources */ = {isa = PBXBuildFile; fileRef = 3A001DFF2C9F2E5600000001 /* BBMSApp.swift */; };
		3A001E022C9F2E5600000001 /* ContentView.swift in Sources */ = {isa = PBXBuildFile; fileRef = 3A001E012C9F2E5600000001 /* ContentView.swift */; };
		3A001E042C9F2E5800000001 /* Assets.xcassets in Resources */ = {isa = PBXBuildFile; fileRef = 3A001E032C9F2E5800000001 /* Assets.xcassets */; };
		3A001E072C9F2E5800000001 /* Preview Assets.xcassets in Resources */ = {isa = PBXBuildFile; fileRef = 3A001E062C9F2E5800000001 /* Preview Assets.xcassets */; };
		3A001E0F2C9F2EFC00000001 /* Device.swift in Sources */ = {isa = PBXBuildFile; fileRef = 3A001E0E2C9F2EFC00000001 /* Device.swift */; };
		3A001E112C9F2F0600000001 /* Zone.swift in Sources */ = {isa = PBXBuildFile; fileRef = 3A001E102C9F2F0600000001 /* Zone.swift */; };
		3A001E132C9F2F1800000001 /* DashboardView.swift in Sources */ = {isa = PBXBuildFile; fileRef = 3A001E122C9F2F1800000001 /* DashboardView.swift */; };
		3A001E152C9F2F2500000001 /* DeviceMonitoringView.swift in Sources */ = {isa = PBXBuildFile; fileRef = 3A001E142C9F2F2500000001 /* DeviceMonitoringView.swift */; };
		3A001E172C9F2F3300000001 /* ZoneReservationView.swift in Sources */ = {isa = PBXBuildFile; fileRef = 3A001E162C9F2F3300000001 /* ZoneReservationView.swift */; };
		3A001E192C9F2F9000000001 /* DeviceService.swift in Sources */ = {isa = PBXBuildFile; fileRef = 3A001E182C9F2F9000000001 /* DeviceService.swift */; };
		3A001E1B2C9F2F9D00000001 /* ZoneService.swift in Sources */ = {isa = PBXBuildFile; fileRef = 3A001E1A2C9F2F9D00000001 /* ZoneService.swift */; };
		3A001E1F2C9F3F3400000001 /* DeviceDetailView.swift in Sources */ = {isa = PBXBuildFile; fileRef = 3A001E1E2C9F3F3400000001 /* DeviceDetailView.swift */; };
		A51AA67D2E8DBF5A00F8669E /* RubidexDocumentsView.swift in Sources */ = {isa = PBXBuildFile; fileRef = A51AA67C2E8DBF5A00F8669E /* RubidexDocumentsView.swift */; };
		A51AA67F2E8DBF6700F8669E /* RubidexDocument.swift in Sources */ = {isa = PBXBuildFile; fileRef = A51AA67E2E8DBF6700F8669E /* RubidexDocument.swift */; };
		A51AA6812E8DBF7400F8669E /* RubidexService.swift in Sources */ = {isa = PBXBuildFile; fileRef = A51AA6802E8DBF7400F8669E /* RubidexService.swift */; };
		A51AA6832E8DC10700F8669E /* APITestView.swift in Sources */ = {isa = PBXBuildFile; fileRef = A51AA6822E8DC10700F8669E /* APITestView.swift */; };
		A51AA6852E902EE300F8669E /* NotificationTestView.swift in Sources */ = {isa = PBXBuildFile; fileRef = A51AA6842E902EE300F8669E /* NotificationTestView.swift */; };
		A51AA6882E902F0E00F8669E /* BackgroundMonitoringService.swift in Sources */ = {isa = PBXBuildFile; fileRef = A51AA6862E902F0E00F8669E /* BackgroundMonitoringService.swift */; };
		A51AA6892E902F0E00F8669E /* NotificationService.swift in Sources */ = {isa = PBXBuildFile; fileRef = A51AA6872E902F0E00F8669E /* NotificationService.swift */; };
		A51AA68B2E90353F00F8669E /* GlobalTemperatureMonitor.swift in Sources */ = {isa = PBXBuildFile; fileRef = A51AA68A2E90353F00F8669E /* GlobalTemperatureMonitor.swift */; };
		A51AA68D2E9066F500F8669E /* TemperatureMonitoringStatusView.swift in Sources */ = {isa = PBXBuildFile; fileRef = A51AA68C2E9066F500F8669E /* TemperatureMonitoringStatusView.swift */; };
		A51AA68F2E91CF0A00F8669E /* AlertsSheetView.swift in Sources */ = {isa = PBXBuildFile; fileRef = A51AA68E2E91CF0A00F8669E /* AlertsSheetView.swift */; };
		A55BD9E22E959AAD00033499 /* AuthService.swift in Sources */ = {isa = PBXBuildFile; fileRef = A55BD9E02E959AAD00033499 /* AuthService.swift */; };
		A55BD9E32E959AAD00033499 /* KeychainService.swift in Sources */ = {isa = PBXBuildFile; fileRef = A55BD9E12E959AAD00033499 /* KeychainService.swift */; };
		A55BD9E3A2E9FF00000033499 /* NetworkService.swift in Sources */ = {isa = PBXBuildFile; fileRef = A55BD9E3B2E9FF00000033499 /* NetworkService.swift */; };
		A55BD9E72E959AC300033499 /* LoginView.swift in Sources */ = {isa = PBXBuildFile; fileRef = A55BD9E62E959AC300033499 /* LoginView.swift */; };
		A55BD9E82E959AC300033499 /* AccessHistoryView.swift in Sources */ = {isa = PBXBuildFile; fileRef = A55BD9E42E959AC300033499 /* AccessHistoryView.swift */; };
		A55BD9E92E959AC300033499 /* BiometricSettingsView.swift in Sources */ = {isa = PBXBuildFile; fileRef = A55BD9E52E959AC300033499 /* BiometricSettingsView.swift */; };
		A55BD9EB2E95F21F00033499 /* DeviceDataService.swift in Sources */ = {isa = PBXBuildFile; fileRef = A55BD9EA2E95F21F00033499 /* DeviceDataService.swift */; };
		A55BD9ED2E96E6AA00033499 /* BiometricAuthService.swift in Sources */ = {isa = PBXBuildFile; fileRef = A55BD9EC2E96E6AA00033499 /* BiometricAuthService.swift */; };
		A55BD9F02E96E95B00033499 /* BiometricEnrollmentView.swift in Sources */ = {isa = PBXBuildFile; fileRef = A55BD9EF2E96E95B00033499 /* BiometricEnrollmentView.swift */; };
		A55BD9F12E96E95B00033499 /* BiometricComponents.swift in Sources */ = {isa = PBXBuildFile; fileRef = A55BD9EE2E96E95B00033499 /* BiometricComponents.swift */; };
		A55BD9F42E973F1B00033499 /* AppConfig.swift in Sources */ = {isa = PBXBuildFile; fileRef = A55BD9F22E973F1B00033499 /* AppConfig.swift */; };
		A55BD9F62E99C15C00033499 /* LoadingTransitionView.swift in Sources */ = {isa = PBXBuildFile; fileRef = A55BD9F52E99C15C00033499 /* LoadingTransitionView.swift */; };
		A59BFFE32E8B77E70030803A /* ModernSplashView.swift in Sources */ = {isa = PBXBuildFile; fileRef = A59BFFE22E8B77E70030803A /* ModernSplashView.swift */; };
		A59BFFE42E8B77E70030803A /* ModernLogoView.swift in Sources */ = {isa = PBXBuildFile; fileRef = A59BFFE12E8B77E70030803A /* ModernLogoView.swift */; };
		A59BFFE92E8B86520030803A /* AlertService.swift in Sources */ = {isa = PBXBuildFile; fileRef = A59BFFE82E8B86520030803A /* AlertService.swift */; };
		A59BFFEB2E8B86600030803A /* Alert.swift in Sources */ = {isa = PBXBuildFile; fileRef = A59BFFEA2E8B86600030803A /* Alert.swift */; };
		A59BFFEE2E8B86730030803A /* AlertRowView.swift in Sources */ = {isa = PBXBuildFile; fileRef = A59BFFEC2E8B86730030803A /* AlertRowView.swift */; };
		A59BFFEF2E8B86730030803A /* AlertsView.swift in Sources */ = {isa = PBXBuildFile; fileRef = A59BFFED2E8B86730030803A /* AlertsView.swift */; };
		A59BFFF52E8C36C90030803A /* ProfileImagePicker.swift in Sources */ = {isa = PBXBuildFile; fileRef = A59BFFF32E8C36C90030803A /* ProfileImagePicker.swift */; };
		A59BFFF62E8C36C90030803A /* EditProfileView.swift in Sources */ = {isa = PBXBuildFile; fileRef = A59BFFF12E8C36C90030803A /* EditProfileView.swift */; };
		A59BFFF72E8C36C90030803A /* AccountView.swift in Sources */ = {isa = PBXBuildFile; fileRef = A59BFFF02E8C36C90030803A /* AccountView.swift */; };
		A59BFFF82E8C36C90030803A /* NotificationSettingsView.swift in Sources */ = {isa = PBXBuildFile; fileRef = A59BFFF22E8C36C90030803A /* NotificationSettingsView.swift */; };
		A59BFFF92E8C36C90030803A /* SettingsView.swift in Sources */ = {isa = PBXBuildFile; fileRef = A59BFFF42E8C36C90030803A /* SettingsView.swift */; };
		A59BFFFB2E8C36D80030803A /* User.swift in Sources */ = {isa = PBXBuildFile; fileRef = A59BFFFA2E8C36D80030803A /* User.swift */; };
		A59BFFFD2E8C36E90030803A /* UserService.swift in Sources */ = {isa = PBXBuildFile; fileRef = A59BFFFC2E8C36E90030803A /* UserService.swift */; };
/* End PBXBuildFile section */

/* Begin PBXFileReference section */
		3A001DFC2C9F2E5600000001 /* BBMS.app */ = {isa = PBXFileReference; explicitFileType = wrapper.application; includeInIndex = 0; path = BBMS.app; sourceTree = BUILT_PRODUCTS_DIR; };
		3A001DFF2C9F2E5600000001 /* BBMSApp.swift */ = {isa = PBXFileReference; lastKnownFileType = sourcecode.swift; path = BBMSApp.swift; sourceTree = "<group>"; };
		3A001E012C9F2E5600000001 /* ContentView.swift */ = {isa = PBXFileReference; lastKnownFileType = sourcecode.swift; path = ContentView.swift; sourceTree = "<group>"; };
		3A001E032C9F2E5800000001 /* Assets.xcassets */ = {isa = PBXFileReference; lastKnownFileType = folder.assetcatalog; path = Assets.xcassets; sourceTree = "<group>"; };
		3A001E062C9F2E5800000001 /* Preview Assets.xcassets */ = {isa = PBXFileReference; lastKnownFileType = folder.assetcatalog; path = "Preview Assets.xcassets"; sourceTree = "<group>"; };
		3A001E0E2C9F2EFC00000001 /* Device.swift */ = {isa = PBXFileReference; lastKnownFileType = sourcecode.swift; path = Device.swift; sourceTree = "<group>"; };
		3A001E102C9F2F0600000001 /* Zone.swift */ = {isa = PBXFileReference; lastKnownFileType = sourcecode.swift; path = Zone.swift; sourceTree = "<group>"; };
		3A001E122C9F2F1800000001 /* DashboardView.swift */ = {isa = PBXFileReference; lastKnownFileType = sourcecode.swift; path = DashboardView.swift; sourceTree = "<group>"; };
		3A001E142C9F2F2500000001 /* DeviceMonitoringView.swift */ = {isa = PBXFileReference; lastKnownFileType = sourcecode.swift; path = DeviceMonitoringView.swift; sourceTree = "<group>"; };
		3A001E162C9F2F3300000001 /* ZoneReservationView.swift */ = {isa = PBXFileReference; lastKnownFileType = sourcecode.swift; path = ZoneReservationView.swift; sourceTree = "<group>"; };
		3A001E182C9F2F9000000001 /* DeviceService.swift */ = {isa = PBXFileReference; lastKnownFileType = sourcecode.swift; path = DeviceService.swift; sourceTree = "<group>"; };
		3A001E1A2C9F2F9D00000001 /* ZoneService.swift */ = {isa = PBXFileReference; lastKnownFileType = sourcecode.swift; path = ZoneService.swift; sourceTree = "<group>"; };
		3A001E1E2C9F3F3400000001 /* DeviceDetailView.swift */ = {isa = PBXFileReference; lastKnownFileType = sourcecode.swift; path = DeviceDetailView.swift; sourceTree = "<group>"; };
		A51AA67C2E8DBF5A00F8669E /* RubidexDocumentsView.swift */ = {isa = PBXFileReference; lastKnownFileType = sourcecode.swift; path = RubidexDocumentsView.swift; sourceTree = "<group>"; };
		A51AA67E2E8DBF6700F8669E /* RubidexDocument.swift */ = {isa = PBXFileReference; lastKnownFileType = sourcecode.swift; path = RubidexDocument.swift; sourceTree = "<group>"; };
		A51AA6802E8DBF7400F8669E /* RubidexService.swift */ = {isa = PBXFileReference; lastKnownFileType = sourcecode.swift; path = RubidexService.swift; sourceTree = "<group>"; };
		A51AA6822E8DC10700F8669E /* APITestView.swift */ = {isa = PBXFileReference; lastKnownFileType = sourcecode.swift; path = APITestView.swift; sourceTree = "<group>"; };
		A51AA6842E902EE300F8669E /* NotificationTestView.swift */ = {isa = PBXFileReference; lastKnownFileType = sourcecode.swift; path = NotificationTestView.swift; sourceTree = "<group>"; };
		A51AA6862E902F0E00F8669E /* BackgroundMonitoringService.swift */ = {isa = PBXFileReference; lastKnownFileType = sourcecode.swift; path = BackgroundMonitoringService.swift; sourceTree = "<group>"; };
		A51AA6872E902F0E00F8669E /* NotificationService.swift */ = {isa = PBXFileReference; lastKnownFileType = sourcecode.swift; path = NotificationService.swift; sourceTree = "<group>"; };
		A51AA68A2E90353F00F8669E /* GlobalTemperatureMonitor.swift */ = {isa = PBXFileReference; lastKnownFileType = sourcecode.swift; path = GlobalTemperatureMonitor.swift; sourceTree = "<group>"; };
		A51AA68C2E9066F500F8669E /* TemperatureMonitoringStatusView.swift */ = {isa = PBXFileReference; lastKnownFileType = sourcecode.swift; path = TemperatureMonitoringStatusView.swift; sourceTree = "<group>"; };
		A51AA68E2E91CF0A00F8669E /* AlertsSheetView.swift */ = {isa = PBXFileReference; lastKnownFileType = sourcecode.swift; path = AlertsSheetView.swift; sourceTree = "<group>"; };
		A55BD9E02E959AAD00033499 /* AuthService.swift */ = {isa = PBXFileReference; lastKnownFileType = sourcecode.swift; path = AuthService.swift; sourceTree = "<group>"; };
		A55BD9E12E959AAD00033499 /* KeychainService.swift */ = {isa = PBXFileReference; lastKnownFileType = sourcecode.swift; path = KeychainService.swift; sourceTree = "<group>"; };
		A55BD9E3B2E9FF00000033499 /* NetworkService.swift */ = {isa = PBXFileReference; lastKnownFileType = sourcecode.swift; path = NetworkService.swift; sourceTree = "<group>"; };
		A55BD9E42E959AC300033499 /* AccessHistoryView.swift */ = {isa = PBXFileReference; lastKnownFileType = sourcecode.swift; path = AccessHistoryView.swift; sourceTree = "<group>"; };
		A55BD9E52E959AC300033499 /* BiometricSettingsView.swift */ = {isa = PBXFileReference; lastKnownFileType = sourcecode.swift; path = BiometricSettingsView.swift; sourceTree = "<group>"; };
		A55BD9E62E959AC300033499 /* LoginView.swift */ = {isa = PBXFileReference; lastKnownFileType = sourcecode.swift; path = LoginView.swift; sourceTree = "<group>"; };
		A55BD9EA2E95F21F00033499 /* DeviceDataService.swift */ = {isa = PBXFileReference; lastKnownFileType = sourcecode.swift; path = DeviceDataService.swift; sourceTree = "<group>"; };
		A55BD9EC2E96E6AA00033499 /* BiometricAuthService.swift */ = {isa = PBXFileReference; lastKnownFileType = sourcecode.swift; path = BiometricAuthService.swift; sourceTree = "<group>"; };
		A55BD9EE2E96E95B00033499 /* BiometricComponents.swift */ = {isa = PBXFileReference; lastKnownFileType = sourcecode.swift; path = BiometricComponents.swift; sourceTree = "<group>"; };
		A55BD9EF2E96E95B00033499 /* BiometricEnrollmentView.swift */ = {isa = PBXFileReference; lastKnownFileType = sourcecode.swift; path = BiometricEnrollmentView.swift; sourceTree = "<group>"; };
		A55BD9F22E973F1B00033499 /* AppConfig.swift */ = {isa = PBXFileReference; lastKnownFileType = sourcecode.swift; path = AppConfig.swift; sourceTree = "<group>"; };
		A55BD9F52E99C15C00033499 /* LoadingTransitionView.swift */ = {isa = PBXFileReference; lastKnownFileType = sourcecode.swift; path = LoadingTransitionView.swift; sourceTree = "<group>"; };
		A59BFFE12E8B77E70030803A /* ModernLogoView.swift */ = {isa = PBXFileReference; lastKnownFileType = sourcecode.swift; path = ModernLogoView.swift; sourceTree = "<group>"; };
		A59BFFE22E8B77E70030803A /* ModernSplashView.swift */ = {isa = PBXFileReference; lastKnownFileType = sourcecode.swift; path = ModernSplashView.swift; sourceTree = "<group>"; };
		A59BFFE82E8B86520030803A /* AlertService.swift */ = {isa = PBXFileReference; lastKnownFileType = sourcecode.swift; path = AlertService.swift; sourceTree = "<group>"; };
		A59BFFEA2E8B86600030803A /* Alert.swift */ = {isa = PBXFileReference; lastKnownFileType = sourcecode.swift; path = Alert.swift; sourceTree = "<group>"; };
		A59BFFEC2E8B86730030803A /* AlertRowView.swift */ = {isa = PBXFileReference; lastKnownFileType = sourcecode.swift; path = AlertRowView.swift; sourceTree = "<group>"; };
		A59BFFED2E8B86730030803A /* AlertsView.swift */ = {isa = PBXFileReference; lastKnownFileType = sourcecode.swift; path = AlertsView.swift; sourceTree = "<group>"; };
		A59BFFF02E8C36C90030803A /* AccountView.swift */ = {isa = PBXFileReference; lastKnownFileType = sourcecode.swift; path = AccountView.swift; sourceTree = "<group>"; };
		A59BFFF12E8C36C90030803A /* EditProfileView.swift */ = {isa = PBXFileReference; lastKnownFileType = sourcecode.swift; path = EditProfileView.swift; sourceTree = "<group>"; };
		A59BFFF22E8C36C90030803A /* NotificationSettingsView.swift */ = {isa = PBXFileReference; lastKnownFileType = sourcecode.swift; path = NotificationSettingsView.swift; sourceTree = "<group>"; };
		A59BFFF32E8C36C90030803A /* ProfileImagePicker.swift */ = {isa = PBXFileReference; lastKnownFileType = sourcecode.swift; path = ProfileImagePicker.swift; sourceTree = "<group>"; };
		A59BFFF42E8C36C90030803A /* SettingsView.swift */ = {isa = PBXFileReference; lastKnownFileType = sourcecode.swift; path = SettingsView.swift; sourceTree = "<group>"; };
		A59BFFFA2E8C36D80030803A /* User.swift */ = {isa = PBXFileReference; lastKnownFileType = sourcecode.swift; path = User.swift; sourceTree = "<group>"; };
		A59BFFFC2E8C36E90030803A /* UserService.swift */ = {isa = PBXFileReference; lastKnownFileType = sourcecode.swift; path = UserService.swift; sourceTree = "<group>"; };
		A59BFFFE2E8C64200030803A /* ModernTheme.swift */ = {isa = PBXFileReference; lastKnownFileType = sourcecode.swift; name = ModernTheme.swift; path = ../../ModernTheme.swift; sourceTree = "<group>"; };
/* End PBXFileReference section */

/* Begin PBXFrameworksBuildPhase section */
		3A001DF92C9F2E5600000001 /* Frameworks */ = {
			isa = PBXFrameworksBuildPhase;
			buildActionMask = 2147483647;
			files = (
			);
			runOnlyForDeploymentPostprocessing = 0;
		};
/* End PBXFrameworksBuildPhase section */

/* Begin PBXGroup section */
		3A001DF32C9F2E5600000001 = {
			isa = PBXGroup;
			children = (
				3A001DFE2C9F2E5600000001 /* BBMS */,
				3A001DFD2C9F2E5600000001 /* Products */,
			);
			sourceTree = "<group>";
		};
		3A001DFD2C9F2E5600000001 /* Products */ = {
			isa = PBXGroup;
			children = (
				3A001DFC2C9F2E5600000001 /* BBMS.app */,
			);
			name = Products;
			sourceTree = "<group>";
		};
		3A001DFE2C9F2E5600000001 /* BBMS */ = {
			isa = PBXGroup;
			children = (
				A55BD9F32E973F1B00033499 /* Config */,
				3A001E1C2C9F2FB400000001 /* Services */,
				3A001E0D2C9F2EF000000001 /* Models */,
				3A001E0C2C9F2EE800000001 /* Views */,
				3A001DFF2C9F2E5600000001 /* BBMSApp.swift */,
				3A001E032C9F2E5800000001 /* Assets.xcassets */,
				3A001E052C9F2E5800000001 /* Preview Content */,
				A59BFFFF2E8C64200030803A /* Extensions */,
			);
			path = BBMS;
			sourceTree = "<group>";
		};
		3A001E052C9F2E5800000001 /* Preview Content */ = {
			isa = PBXGroup;
			children = (
				3A001E062C9F2E5800000001 /* Preview Assets.xcassets */,
			);
			path = "Preview Content";
			sourceTree = "<group>";
		};
		3A001E0C2C9F2EE800000001 /* Views */ = {
			isa = PBXGroup;
			children = (
				A55BD9F52E99C15C00033499 /* LoadingTransitionView.swift */,
				A55BD9EE2E96E95B00033499 /* BiometricComponents.swift */,
				A55BD9EF2E96E95B00033499 /* BiometricEnrollmentView.swift */,
				A55BD9E42E959AC300033499 /* AccessHistoryView.swift */,
				A55BD9E52E959AC300033499 /* BiometricSettingsView.swift */,
				A55BD9E62E959AC300033499 /* LoginView.swift */,
				A51AA68E2E91CF0A00F8669E /* AlertsSheetView.swift */,
				A51AA68C2E9066F500F8669E /* TemperatureMonitoringStatusView.swift */,
				A51AA6842E902EE300F8669E /* NotificationTestView.swift */,
				A51AA6822E8DC10700F8669E /* APITestView.swift */,
				A51AA67C2E8DBF5A00F8669E /* RubidexDocumentsView.swift */,
				A59BFFF02E8C36C90030803A /* AccountView.swift */,
				A59BFFF12E8C36C90030803A /* EditProfileView.swift */,
				A59BFFF22E8C36C90030803A /* NotificationSettingsView.swift */,
				A59BFFF32E8C36C90030803A /* ProfileImagePicker.swift */,
				A59BFFF42E8C36C90030803A /* SettingsView.swift */,
				A59BFFEC2E8B86730030803A /* AlertRowView.swift */,
				A59BFFED2E8B86730030803A /* AlertsView.swift */,
				A59BFFE12E8B77E70030803A /* ModernLogoView.swift */,
				A59BFFE22E8B77E70030803A /* ModernSplashView.swift */,
				3A001E012C9F2E5600000001 /* ContentView.swift */,
				3A001E122C9F2F1800000001 /* DashboardView.swift */,
				3A001E142C9F2F2500000001 /* DeviceMonitoringView.swift */,
				3A001E162C9F2F3300000001 /* ZoneReservationView.swift */,
				3A001E1E2C9F3F3400000001 /* DeviceDetailView.swift */,
			);
			path = Views;
			sourceTree = "<group>";
		};
		3A001E0D2C9F2EF000000001 /* Models */ = {
			isa = PBXGroup;
			children = (
				A51AA67E2E8DBF6700F8669E /* RubidexDocument.swift */,
				A59BFFFA2E8C36D80030803A /* User.swift */,
				A59BFFEA2E8B86600030803A /* Alert.swift */,
				3A001E0E2C9F2EFC00000001 /* Device.swift */,
				3A001E102C9F2F0600000001 /* Zone.swift */,
			);
			path = Models;
			sourceTree = "<group>";
		};
		3A001E1C2C9F2FB400000001 /* Services */ = {
			isa = PBXGroup;
			children = (
				A55BD9EC2E96E6AA00033499 /* BiometricAuthService.swift */,
				A55BD9EA2E95F21F00033499 /* DeviceDataService.swift */,
				A55BD9E02E959AAD00033499 /* AuthService.swift */,
				A55BD9E12E959AAD00033499 /* KeychainService.swift */,
				A55BD9E3B2E9FF00000033499 /* NetworkService.swift */,
				A51AA68A2E90353F00F8669E /* GlobalTemperatureMonitor.swift */,
				A51AA6862E902F0E00F8669E /* BackgroundMonitoringService.swift */,
				A51AA6872E902F0E00F8669E /* NotificationService.swift */,
				A51AA6802E8DBF7400F8669E /* RubidexService.swift */,
				A59BFFFC2E8C36E90030803A /* UserService.swift */,
				A59BFFE82E8B86520030803A /* AlertService.swift */,
				3A001E182C9F2F9000000001 /* DeviceService.swift */,
				3A001E1A2C9F2F9D00000001 /* ZoneService.swift */,
			);
			path = Services;
			sourceTree = "<group>";
		};
		A55BD9F32E973F1B00033499 /* Config */ = {
			isa = PBXGroup;
			children = (
				A55BD9F22E973F1B00033499 /* AppConfig.swift */,
			);
			path = Config;
			sourceTree = "<group>";
		};
		A59BFFFF2E8C64200030803A /* Extensions */ = {
			isa = PBXGroup;
			children = (
				A59BFFFE2E8C64200030803A /* ModernTheme.swift */,
			);
			path = Extensions;
			sourceTree = "<group>";
		};
/* End PBXGroup section */

/* Begin PBXNativeTarget section */
		3A001DFB2C9F2E5600000001 /* BBMS */ = {
			isa = PBXNativeTarget;
			buildConfigurationList = 3A001E0A2C9F2E5800000001 /* Build configuration list for PBXNativeTarget "BBMS" */;
			buildPhases = (
				3A001DF82C9F2E5600000001 /* Sources */,
				3A001DF92C9F2E5600000001 /* Frameworks */,
				3A001DFA2C9F2E5600000001 /* Resources */,
			);
			buildRules = (
			);
			dependencies = (
			);
			name = BBMS;
			productName = BBMS;
			productReference = 3A001DFC2C9F2E5600000001 /* BBMS.app */;
			productType = "com.apple.product-type.application";
		};
/* End PBXNativeTarget section */

/* Begin PBXProject section */
		3A001DF42C9F2E5600000001 /* Project object */ = {
			isa = PBXProject;
			attributes = {
				BuildIndependentTargetsInParallel = 1;
				LastSwiftUpdateCheck = 1600;
				LastUpgradeCheck = 2600;
				TargetAttributes = {
					3A001DFB2C9F2E5600000001 = {
						CreatedOnToolsVersion = 16.0;
					};
				};
			};
			buildConfigurationList = 3A001DF72C9F2E5600000001 /* Build configuration list for PBXProject "BBMS" */;
			compatibilityVersion = "Xcode 14.0";
			developmentRegion = en;
			hasScannedForEncodings = 0;
			knownRegions = (
				en,
				Base,
			);
			mainGroup = 3A001DF32C9F2E5600000001;
			productRefGroup = 3A001DFD2C9F2E5600000001 /* Products */;
			projectDirPath = "";
			projectRoot = "";
			targets = (
				3A001DFB2C9F2E5600000001 /* BBMS */,
			);
		};
/* End PBXProject section */

/* Begin PBXResourcesBuildPhase section */
		3A001DFA2C9F2E5600000001 /* Resources */ = {
			isa = PBXResourcesBuildPhase;
			buildActionMask = 2147483647;
			files = (
				3A001E072C9F2E5800000001 /* Preview Assets.xcassets in Resources */,
				3A001E042C9F2E5800000001 /* Assets.xcassets in Resources */,
			);
			runOnlyForDeploymentPostprocessing = 0;
		};
/* End PBXResourcesBuildPhase section */

/* Begin PBXSourcesBuildPhase section */
		3A001DF82C9F2E5600000001 /* Sources */ = {
			isa = PBXSourcesBuildPhase;
			buildActionMask = 2147483647;
			files = (
				3A001E0F2C9F2EFC00000001 /* Device.swift in Sources */,
				A51AA67F2E8DBF6700F8669E /* RubidexDocument.swift in Sources */,
				A55BD9E22E959AAD00033499 /* AuthService.swift in Sources */,
				A55BD9E72E959AC300033499 /* LoginView.swift in Sources */,
				A55BD9F42E973F1B00033499 /* AppConfig.swift in Sources */,
				A55BD9E82E959AC300033499 /* AccessHistoryView.swift in Sources */,
				A55BD9E92E959AC300033499 /* BiometricSettingsView.swift in Sources */,
				A55BD9E32E959AAD00033499 /* KeychainService.swift in Sources */,
				A55BD9E3A2E9FF00000033499 /* NetworkService.swift in Sources */,
				A51AA6832E8DC10700F8669E /* APITestView.swift in Sources */,
				3A001E132C9F2F1800000001 /* DashboardView.swift in Sources */,
				A59BFFE92E8B86520030803A /* AlertService.swift in Sources */,
				A59BFFEB2E8B86600030803A /* Alert.swift in Sources */,
				A51AA6882E902F0E00F8669E /* BackgroundMonitoringService.swift in Sources */,
				A51AA6892E902F0E00F8669E /* NotificationService.swift in Sources */,
				3A001E172C9F2F3300000001 /* ZoneReservationView.swift in Sources */,
				A55BD9F02E96E95B00033499 /* BiometricEnrollmentView.swift in Sources */,
				A55BD9F12E96E95B00033499 /* BiometricComponents.swift in Sources */,
				A51AA67D2E8DBF5A00F8669E /* RubidexDocumentsView.swift in Sources */,
				3A001E152C9F2F2500000001 /* DeviceMonitoringView.swift in Sources */,
				A51AA68F2E91CF0A00F8669E /* AlertsSheetView.swift in Sources */,
				A55BD9F62E99C15C00033499 /* LoadingTransitionView.swift in Sources */,
				3A001E022C9F2E5600000001 /* ContentView.swift in Sources */,
				3A001E112C9F2F0600000001 /* Zone.swift in Sources */,
				A59BFFE32E8B77E70030803A /* ModernSplashView.swift in Sources */,
				A59BFFEE2E8B86730030803A /* AlertRowView.swift in Sources */,
				A59BFFEF2E8B86730030803A /* AlertsView.swift in Sources */,
				A59BFFE42E8B77E70030803A /* ModernLogoView.swift in Sources */,
				A51AA6852E902EE300F8669E /* NotificationTestView.swift in Sources */,
				A55BD9EB2E95F21F00033499 /* DeviceDataService.swift in Sources */,
				A51AA68B2E90353F00F8669E /* GlobalTemperatureMonitor.swift in Sources */,
				A51AA68D2E9066F500F8669E /* TemperatureMonitoringStatusView.swift in Sources */,
				3A001E1B2C9F2F9D00000001 /* ZoneService.swift in Sources */,
				3A001E192C9F2F9000000001 /* DeviceService.swift in Sources */,
				3A001E1F2C9F3F3400000001 /* DeviceDetailView.swift in Sources */,
				A55BD9ED2E96E6AA00033499 /* BiometricAuthService.swift in Sources */,
				A51AA6812E8DBF7400F8669E /* RubidexService.swift in Sources */,
				3A001E002C9F2E5600000001 /* BBMSApp.swift in Sources */,
				A59BFFF52E8C36C90030803A /* ProfileImagePicker.swift in Sources */,
				A59BFFF62E8C36C90030803A /* EditProfileView.swift in Sources */,
				A59BFFF72E8C36C90030803A /* AccountView.swift in Sources */,
				A59BFFF82E8C36C90030803A /* NotificationSettingsView.swift in Sources */,
				A59BFFFD2E8C36E90030803A /* UserService.swift in Sources */,
				A59BFFF92E8C36C90030803A /* SettingsView.swift in Sources */,
				A59BFFFB2E8C36D80030803A /* User.swift in Sources */,
			);
			runOnlyForDeploymentPostprocessing = 0;
		};
/* End PBXSourcesBuildPhase section */

/* Begin XCBuildConfiguration section */
		3A001E082C9F2E5800000001 /* Debug */ = {
			isa = XCBuildConfiguration;
			buildSettings = {
				ALWAYS_SEARCH_USER_PATHS = NO;
				ASSETCATALOG_COMPILER_GENERATE_SWIFT_ASSET_SYMBOL_EXTENSIONS = YES;
				CLANG_ANALYZER_NONNULL = YES;
				CLANG_ANALYZER_NUMBER_OBJECT_CONVERSION = YES_AGGRESSIVE;
				CLANG_CXX_LANGUAGE_STANDARD = "gnu++20";
				CLANG_ENABLE_MODULES = YES;
				CLANG_ENABLE_OBJC_ARC = YES;
				CLANG_ENABLE_OBJC_WEAK = YES;
				CLANG_WARN_BLOCK_CAPTURE_AUTORELEASING = YES;
				CLANG_WARN_BOOL_CONVERSION = YES;
				CLANG_WARN_COMMA = YES;
				CLANG_WARN_CONSTANT_CONVERSION = YES;
				CLANG_WARN_DEPRECATED_OBJC_IMPLEMENTATIONS = YES;
				CLANG_WARN_DIRECT_OBJC_ISA_USAGE = YES_ERROR;
				CLANG_WARN_DOCUMENTATION_COMMENTS = YES;
				CLANG_WARN_EMPTY_BODY = YES;
				CLANG_WARN_ENUM_CONVERSION = YES;
				CLANG_WARN_INFINITE_RECURSION = YES;
				CLANG_WARN_INT_CONVERSION = YES;
				CLANG_WARN_NON_LITERAL_NULL_CONVERSION = YES;
				CLANG_WARN_OBJC_IMPLICIT_RETAIN_SELF = YES;
				CLANG_WARN_OBJC_LITERAL_CONVERSION = YES;
				CLANG_WARN_OBJC_ROOT_CLASS = YES_ERROR;
				CLANG_WARN_QUOTED_INCLUDE_IN_FRAMEWORK_HEADER = YES;
				CLANG_WARN_RANGE_LOOP_ANALYSIS = YES;
				CLANG_WARN_STRICT_PROTOTYPES = YES;
				CLANG_WARN_SUSPICIOUS_MOVE = YES;
				CLANG_WARN_UNGUARDED_AVAILABILITY = YES_AGGRESSIVE;
				CLANG_WARN_UNREACHABLE_CODE = YES;
				CLANG_WARN__DUPLICATE_METHOD_MATCH = YES;
				COPY_PHASE_STRIP = NO;
				DEBUG_INFORMATION_FORMAT = dwarf;
				DEVELOPMENT_TEAM = PCT4ZLGHY7;
				ENABLE_STRICT_OBJC_MSGSEND = YES;
				ENABLE_TESTABILITY = YES;
				ENABLE_USER_SCRIPT_SANDBOXING = YES;
				GCC_C_LANGUAGE_STANDARD = gnu17;
				GCC_DYNAMIC_NO_PIC = NO;
				GCC_NO_COMMON_BLOCKS = YES;
				GCC_OPTIMIZATION_LEVEL = 0;
				GCC_PREPROCESSOR_DEFINITIONS = (
					"DEBUG=1",
					"$(inherited)",
				);
				GCC_WARN_64_TO_32_BIT_CONVERSION = YES;
				GCC_WARN_ABOUT_RETURN_TYPE = YES_ERROR;
				GCC_WARN_UNDECLARED_SELECTOR = YES;
				GCC_WARN_UNINITIALIZED_AUTOS = YES_AGGRESSIVE;
				GCC_WARN_UNUSED_FUNCTION = YES;
				GCC_WARN_UNUSED_VARIABLE = YES;
				IPHONEOS_DEPLOYMENT_TARGET = 17.0;
				LOCALIZATION_PREFERS_STRING_CATALOGS = YES;
				MTL_ENABLE_DEBUG_INFO = INCLUDE_SOURCE;
				MTL_FAST_MATH = YES;
				ONLY_ACTIVE_ARCH = YES;
				SDKROOT = iphoneos;
				STRING_CATALOG_GENERATE_SYMBOLS = YES;
				SWIFT_ACTIVE_COMPILATION_CONDITIONS = "DEBUG $(inherited)";
				SWIFT_OPTIMIZATION_LEVEL = "-Onone";
			};
			name = Debug;
		};
		3A001E092C9F2E5800000001 /* Release */ = {
			isa = XCBuildConfiguration;
			buildSettings = {
				ALWAYS_SEARCH_USER_PATHS = NO;
				ASSETCATALOG_COMPILER_GENERATE_SWIFT_ASSET_SYMBOL_EXTENSIONS = YES;
				CLANG_ANALYZER_NONNULL = YES;
				CLANG_ANALYZER_NUMBER_OBJECT_CONVERSION = YES_AGGRESSIVE;
				CLANG_CXX_LANGUAGE_STANDARD = "gnu++20";
				CLANG_ENABLE_MODULES = YES;
				CLANG_ENABLE_OBJC_ARC = YES;
				CLANG_ENABLE_OBJC_WEAK = YES;
				CLANG_WARN_BLOCK_CAPTURE_AUTORELEASING = YES;
				CLANG_WARN_BOOL_CONVERSION = YES;
				CLANG_WARN_COMMA = YES;
				CLANG_WARN_CONSTANT_CONVERSION = YES;
				CLANG_WARN_DEPRECATED_OBJC_IMPLEMENTATIONS = YES;
				CLANG_WARN_DIRECT_OBJC_ISA_USAGE = YES_ERROR;
				CLANG_WARN_DOCUMENTATION_COMMENTS = YES;
				CLANG_WARN_EMPTY_BODY = YES;
				CLANG_WARN_ENUM_CONVERSION = YES;
				CLANG_WARN_INFINITE_RECURSION = YES;
				CLANG_WARN_INT_CONVERSION = YES;
				CLANG_WARN_NON_LITERAL_NULL_CONVERSION = YES;
				CLANG_WARN_OBJC_IMPLICIT_RETAIN_SELF = YES;
				CLANG_WARN_OBJC_LITERAL_CONVERSION = YES;
				CLANG_WARN_OBJC_ROOT_CLASS = YES_ERROR;
				CLANG_WARN_QUOTED_INCLUDE_IN_FRAMEWORK_HEADER = YES;
				CLANG_WARN_RANGE_LOOP_ANALYSIS = YES;
				CLANG_WARN_STRICT_PROTOTYPES = YES;
				CLANG_WARN_SUSPICIOUS_MOVE = YES;
				CLANG_WARN_UNGUARDED_AVAILABILITY = YES_AGGRESSIVE;
				CLANG_WARN_UNREACHABLE_CODE = YES;
				CLANG_WARN__DUPLICATE_METHOD_MATCH = YES;
				COPY_PHASE_STRIP = NO;
				DEBUG_INFORMATION_FORMAT = "dwarf-with-dsym";
				DEVELOPMENT_TEAM = PCT4ZLGHY7;
				ENABLE_NS_ASSERTIONS = NO;
				ENABLE_STRICT_OBJC_MSGSEND = YES;
				ENABLE_USER_SCRIPT_SANDBOXING = YES;
				GCC_C_LANGUAGE_STANDARD = gnu17;
				GCC_NO_COMMON_BLOCKS = YES;
				GCC_WARN_64_TO_32_BIT_CONVERSION = YES;
				GCC_WARN_ABOUT_RETURN_TYPE = YES_ERROR;
				GCC_WARN_UNDECLARED_SELECTOR = YES;
				GCC_WARN_UNINITIALIZED_AUTOS = YES_AGGRESSIVE;
				GCC_WARN_UNUSED_FUNCTION = YES;
				GCC_WARN_UNUSED_VARIABLE = YES;
				IPHONEOS_DEPLOYMENT_TARGET = 17.0;
				LOCALIZATION_PREFERS_STRING_CATALOGS = YES;
				MTL_ENABLE_DEBUG_INFO = NO;
				MTL_FAST_MATH = YES;
				SDKROOT = iphoneos;
				STRING_CATALOG_GENERATE_SYMBOLS = YES;
				SWIFT_COMPILATION_MODE = wholemodule;
				VALIDATE_PRODUCT = YES;
			};
			name = Release;
		};
		3A001E0B2C9F2E5800000001 /* Debug */ = {
			isa = XCBuildConfiguration;
			buildSettings = {
				ASSETCATALOG_COMPILER_APPICON_NAME = AppIcon;
				ASSETCATALOG_COMPILER_GLOBAL_ACCENT_COLOR_NAME = AccentColor;
				CODE_SIGN_STYLE = Automatic;
				CURRENT_PROJECT_VERSION = 1;
				DEVELOPMENT_ASSET_PATHS = "\"BBMS/Preview Content\"";
				DEVELOPMENT_TEAM = PCT4ZLGHY7;
				ENABLE_PREVIEWS = YES;
				GENERATE_INFOPLIST_FILE = NO;
				INFOPLIST_FILE = BBMS/Info.plist;
				INFOPLIST_KEY_UIApplicationSceneManifest_Generation = YES;
				INFOPLIST_KEY_UIApplicationSupportsIndirectInputEvents = YES;
				INFOPLIST_KEY_UIBackgroundModes = "background-app-refresh background-processing";
				INFOPLIST_KEY_UILaunchScreen_Generation = YES;
				INFOPLIST_KEY_UISupportedInterfaceOrientations_iPad = "UIInterfaceOrientationPortrait UIInterfaceOrientationPortraitUpsideDown UIInterfaceOrientationLandscapeLeft UIInterfaceOrientationLandscapeRight";
				INFOPLIST_KEY_UISupportedInterfaceOrientations_iPhone = "UIInterfaceOrientationPortrait UIInterfaceOrientationLandscapeLeft UIInterfaceOrientationLandscapeRight";
				LD_RUNPATH_SEARCH_PATHS = (
					"$(inherited)",
					"@executable_path/Frameworks",
				);
				MARKETING_VERSION = 1.0;
				PRODUCT_BUNDLE_IDENTIFIER = com.example.BBMS;
				PRODUCT_NAME = "$(TARGET_NAME)";
				SWIFT_EMIT_LOC_STRINGS = YES;
				SWIFT_VERSION = 5.0;
				TARGETED_DEVICE_FAMILY = "1,2";
			};
			name = Debug;
		};
		3A001E0C2C9F2E5800000001 /* Release */ = {
			isa = XCBuildConfiguration;
			buildSettings = {
				ASSETCATALOG_COMPILER_APPICON_NAME = AppIcon;
				ASSETCATALOG_COMPILER_GLOBAL_ACCENT_COLOR_NAME = AccentColor;
				CODE_SIGN_STYLE = Automatic;
				CURRENT_PROJECT_VERSION = 1;
				DEVELOPMENT_ASSET_PATHS = "\"BBMS/Preview Content\"";
				DEVELOPMENT_TEAM = PCT4ZLGHY7;
				ENABLE_PREVIEWS = YES;
				GENERATE_INFOPLIST_FILE = NO;
				INFOPLIST_FILE = BBMS/Info.plist;
				INFOPLIST_KEY_UIApplicationSceneManifest_Generation = YES;
				INFOPLIST_KEY_UIApplicationSupportsIndirectInputEvents = YES;
				INFOPLIST_KEY_UIBackgroundModes = "background-app-refresh background-processing";
				INFOPLIST_KEY_UILaunchScreen_Generation = YES;
				INFOPLIST_KEY_UISupportedInterfaceOrientations_iPad = "UIInterfaceOrientationPortrait UIInterfaceOrientationPortraitUpsideDown UIInterfaceOrientationLandscapeLeft UIInterfaceOrientationLandscapeRight";
				INFOPLIST_KEY_UISupportedInterfaceOrientations_iPhone = "UIInterfaceOrientationPortrait UIInterfaceOrientationLandscapeLeft UIInterfaceOrientationLandscapeRight";
				LD_RUNPATH_SEARCH_PATHS = (
					"$(inherited)",
					"@executable_path/Frameworks",
				);
				MARKETING_VERSION = 1.0;
				PRODUCT_BUNDLE_IDENTIFIER = com.example.BBMS;
				PRODUCT_NAME = "$(TARGET_NAME)";
				SWIFT_EMIT_LOC_STRINGS = YES;
				SWIFT_VERSION = 5.0;
				TARGETED_DEVICE_FAMILY = "1,2";
			};
			name = Release;
		};
/* End XCBuildConfiguration section */

/* Begin XCConfigurationList section */
		3A001DF72C9F2E5600000001 /* Build configuration list for PBXProject "BBMS" */ = {
			isa = XCConfigurationList;
			buildConfigurations = (
				3A001E082C9F2E5800000001 /* Debug */,
				3A001E092C9F2E5800000001 /* Release */,
			);
			defaultConfigurationIsVisible = 0;
			defaultConfigurationName = Release;
		};
		3A001E0A2C9F2E5800000001 /* Build configuration list for PBXNativeTarget "BBMS" */ = {
			isa = XCConfigurationList;
			buildConfigurations = (
				3A001E0B2C9F2E5800000001 /* Debug */,
				3A001E0C2C9F2E5800000001 /* Release */,
			);
			defaultConfigurationIsVisible = 0;
			defaultConfigurationName = Release;
		};
/* End XCConfigurationList section */
	};
	rootObject = 3A001DF42C9F2E5600000001 /* Project object */;
}
